// !$*UTF8*$!
{
	archiveVersion = 1;
	classes = {
	};
	objectVersion = 51;
	objects = {

/* Begin PBXBuildFile section */
		8279E11E24877CF500047459 /* GoodsTableViewController.swift in Sources */ = {isa = PBXBuildFile; fileRef = 8279E11D24877CF500047459 /* GoodsTableViewController.swift */; };
		8279E12024877D0F00047459 /* GoodsTableViewCell.swift in Sources */ = {isa = PBXBuildFile; fileRef = 8279E11F24877D0F00047459 /* GoodsTableViewCell.swift */; };
		827CF181248A32A1002C15E5 /* MainTabBarViewController.swift in Sources */ = {isa = PBXBuildFile; fileRef = 827CF180248A32A1002C15E5 /* MainTabBarViewController.swift */; };
		8297554B24921439000F3391 /* Main.storyboard in Resources */ = {isa = PBXBuildFile; fileRef = 82B3162D2483E0590049326F /* Main.storyboard */; };
		8297555024921725000F3391 /* DownloadGoodsDataManager.swift in Sources */ = {isa = PBXBuildFile; fileRef = 8297554F24921725000F3391 /* DownloadGoodsDataManager.swift */; };
		82B2BEF7248F7C8900B32374 /* DetailGoodsViewController.swift in Sources */ = {isa = PBXBuildFile; fileRef = 82B2BEF6248F7C8900B32374 /* DetailGoodsViewController.swift */; };
		82B316282483E0590049326F /* AppDelegate.swift in Sources */ = {isa = PBXBuildFile; fileRef = 82B316272483E0590049326F /* AppDelegate.swift */; };
		82B3162A2483E0590049326F /* SceneDelegate.swift in Sources */ = {isa = PBXBuildFile; fileRef = 82B316292483E0590049326F /* SceneDelegate.swift */; };
		82B3162C2483E0590049326F /* ViewController.swift in Sources */ = {isa = PBXBuildFile; fileRef = 82B3162B2483E0590049326F /* ViewController.swift */; };
		82B316312483E05A0049326F /* Assets.xcassets in Resources */ = {isa = PBXBuildFile; fileRef = 82B316302483E05A0049326F /* Assets.xcassets */; };
		82B316342483E05A0049326F /* LaunchScreen.storyboard in Resources */ = {isa = PBXBuildFile; fileRef = 82B316322483E05A0049326F /* LaunchScreen.storyboard */; };
		82E55082249B9EE800CD2271 /* MapViewController.swift in Sources */ = {isa = PBXBuildFile; fileRef = 82E55081249B9EE800CD2271 /* MapViewController.swift */; };
		82E55084249BA08B00CD2271 /* DetaileOfflineGoodsViewController.swift in Sources */ = {isa = PBXBuildFile; fileRef = 82E55083249BA08B00CD2271 /* DetaileOfflineGoodsViewController.swift */; };
		ED2192512FCA11FE6A0E5CF8 /* Pods_GoodsHeart.framework in Frameworks */ = {isa = PBXBuildFile; fileRef = 9612AA716B2380F156390FB2 /* Pods_GoodsHeart.framework */; };
/* End PBXBuildFile section */

/* Begin PBXFileReference section */
		6817B28A38C189AA65B91EC3 /* Pods-GoodsHeart.debug.xcconfig */ = {isa = PBXFileReference; includeInIndex = 1; lastKnownFileType = text.xcconfig; name = "Pods-GoodsHeart.debug.xcconfig"; path = "Target Support Files/Pods-GoodsHeart/Pods-GoodsHeart.debug.xcconfig"; sourceTree = "<group>"; };
		8279E11D24877CF500047459 /* GoodsTableViewController.swift */ = {isa = PBXFileReference; lastKnownFileType = sourcecode.swift; path = GoodsTableViewController.swift; sourceTree = "<group>"; };
		8279E11F24877D0F00047459 /* GoodsTableViewCell.swift */ = {isa = PBXFileReference; lastKnownFileType = sourcecode.swift; path = GoodsTableViewCell.swift; sourceTree = "<group>"; };
		827CF180248A32A1002C15E5 /* MainTabBarViewController.swift */ = {isa = PBXFileReference; lastKnownFileType = sourcecode.swift; path = MainTabBarViewController.swift; sourceTree = "<group>"; };
		8297554F24921725000F3391 /* DownloadGoodsDataManager.swift */ = {isa = PBXFileReference; lastKnownFileType = sourcecode.swift; path = DownloadGoodsDataManager.swift; sourceTree = "<group>"; };
		82A5281F24A0AC7600E21C84 /* Seoul.gpx */ = {isa = PBXFileReference; lastKnownFileType = file; path = Seoul.gpx; sourceTree = SOURCE_ROOT; };
		82B2BEF6248F7C8900B32374 /* DetailGoodsViewController.swift */ = {isa = PBXFileReference; lastKnownFileType = sourcecode.swift; path = DetailGoodsViewController.swift; sourceTree = "<group>"; };
		82B316242483E0590049326F /* GoodsHeart.app */ = {isa = PBXFileReference; explicitFileType = wrapper.application; includeInIndex = 0; path = GoodsHeart.app; sourceTree = BUILT_PRODUCTS_DIR; };
		82B316272483E0590049326F /* AppDelegate.swift */ = {isa = PBXFileReference; lastKnownFileType = sourcecode.swift; path = AppDelegate.swift; sourceTree = "<group>"; };
		82B316292483E0590049326F /* SceneDelegate.swift */ = {isa = PBXFileReference; lastKnownFileType = sourcecode.swift; path = SceneDelegate.swift; sourceTree = "<group>"; };
		82B3162B2483E0590049326F /* ViewController.swift */ = {isa = PBXFileReference; lastKnownFileType = sourcecode.swift; path = ViewController.swift; sourceTree = "<group>"; };
		82B3162E2483E0590049326F /* Base */ = {isa = PBXFileReference; lastKnownFileType = file.storyboard; name = Base; path = Base.lproj/Main.storyboard; sourceTree = "<group>"; };
		82B316302483E05A0049326F /* Assets.xcassets */ = {isa = PBXFileReference; lastKnownFileType = folder.assetcatalog; path = Assets.xcassets; sourceTree = "<group>"; };
		82B316332483E05A0049326F /* Base */ = {isa = PBXFileReference; lastKnownFileType = file.storyboard; name = Base; path = Base.lproj/LaunchScreen.storyboard; sourceTree = "<group>"; };
		82B316352483E05A0049326F /* Info.plist */ = {isa = PBXFileReference; lastKnownFileType = text.plist.xml; path = Info.plist; sourceTree = "<group>"; };
		82E55081249B9EE800CD2271 /* MapViewController.swift */ = {isa = PBXFileReference; lastKnownFileType = sourcecode.swift; path = MapViewController.swift; sourceTree = "<group>"; };
		82E55083249BA08B00CD2271 /* DetaileOfflineGoodsViewController.swift */ = {isa = PBXFileReference; lastKnownFileType = sourcecode.swift; path = DetaileOfflineGoodsViewController.swift; sourceTree = "<group>"; };
		9612AA716B2380F156390FB2 /* Pods_GoodsHeart.framework */ = {isa = PBXFileReference; explicitFileType = wrapper.framework; includeInIndex = 0; path = Pods_GoodsHeart.framework; sourceTree = BUILT_PRODUCTS_DIR; };
		FA137041AB59B3CCBF3405FC /* Pods-GoodsHeart.release.xcconfig */ = {isa = PBXFileReference; includeInIndex = 1; lastKnownFileType = text.xcconfig; name = "Pods-GoodsHeart.release.xcconfig"; path = "Target Support Files/Pods-GoodsHeart/Pods-GoodsHeart.release.xcconfig"; sourceTree = "<group>"; };
/* End PBXFileReference section */

/* Begin PBXFrameworksBuildPhase section */
		82B316212483E0590049326F /* Frameworks */ = {
			isa = PBXFrameworksBuildPhase;
			buildActionMask = 2147483647;
			files = (
				ED2192512FCA11FE6A0E5CF8 /* Pods_GoodsHeart.framework in Frameworks */,
			);
			runOnlyForDeploymentPostprocessing = 0;
		};
/* End PBXFrameworksBuildPhase section */

/* Begin PBXGroup section */
		170BA955DDE39BC39EA15E44 /* Frameworks */ = {
			isa = PBXGroup;
			children = (
				9612AA716B2380F156390FB2 /* Pods_GoodsHeart.framework */,
			);
			name = Frameworks;
			sourceTree = "<group>";
		};
		8279E112248625D800047459 /* ViewController */ = {
			isa = PBXGroup;
			children = (
				8279E11F24877D0F00047459 /* GoodsTableViewCell.swift */,
				8279E11D24877CF500047459 /* GoodsTableViewController.swift */,
				827CF180248A32A1002C15E5 /* MainTabBarViewController.swift */,
				82B2BEF6248F7C8900B32374 /* DetailGoodsViewController.swift */,
				82E55083249BA08B00CD2271 /* DetaileOfflineGoodsViewController.swift */,
			);
			path = ViewController;
			sourceTree = "<group>";
		};
		8279E11724876DAD00047459 /* Scripts */ = {
			isa = PBXGroup;
			children = (
				82E55080249B9EBB00CD2271 /* Map */,
				8297554E249214F8000F3391 /* HTTPS */,
				8279E112248625D800047459 /* ViewController */,
			);
			path = Scripts;
			sourceTree = "<group>";
		};
		8297554E249214F8000F3391 /* HTTPS */ = {
			isa = PBXGroup;
			children = (
				8297554F24921725000F3391 /* DownloadGoodsDataManager.swift */,
			);
			path = HTTPS;
			sourceTree = "<group>";
		};
		82B3161B2483E0590049326F = {
			isa = PBXGroup;
			children = (
				82B316262483E0590049326F /* GoodsHeart */,
				82B316252483E0590049326F /* Products */,
				B6D22B209BD54FE22F4DB637 /* Pods */,
				170BA955DDE39BC39EA15E44 /* Frameworks */,
			);
			sourceTree = "<group>";
		};
		82B316252483E0590049326F /* Products */ = {
			isa = PBXGroup;
			children = (
				82B316242483E0590049326F /* GoodsHeart.app */,
			);
			name = Products;
			sourceTree = "<group>";
		};
		82B316262483E0590049326F /* GoodsHeart */ = {
			isa = PBXGroup;
			children = (
				8279E11724876DAD00047459 /* Scripts */,
				82B316272483E0590049326F /* AppDelegate.swift */,
				82B316292483E0590049326F /* SceneDelegate.swift */,
				82B3162B2483E0590049326F /* ViewController.swift */,
				82B3162D2483E0590049326F /* Main.storyboard */,
				82B316302483E05A0049326F /* Assets.xcassets */,
				82B316322483E05A0049326F /* LaunchScreen.storyboard */,
				82B316352483E05A0049326F /* Info.plist */,
			);
			path = GoodsHeart;
			sourceTree = "<group>";
		};
		82E55080249B9EBB00CD2271 /* Map */ = {
			isa = PBXGroup;
			children = (
				82A5281F24A0AC7600E21C84 /* Seoul.gpx */,
				82E55081249B9EE800CD2271 /* MapViewController.swift */,
			);
			path = Map;
			sourceTree = "<group>";
		};
		B6D22B209BD54FE22F4DB637 /* Pods */ = {
			isa = PBXGroup;
			children = (
				6817B28A38C189AA65B91EC3 /* Pods-GoodsHeart.debug.xcconfig */,
				FA137041AB59B3CCBF3405FC /* Pods-GoodsHeart.release.xcconfig */,
			);
			path = Pods;
			sourceTree = "<group>";
		};
/* End PBXGroup section */

/* Begin PBXNativeTarget section */
		82B316232483E0590049326F /* GoodsHeart */ = {
			isa = PBXNativeTarget;
			buildConfigurationList = 82B316382483E05A0049326F /* Build configuration list for PBXNativeTarget "GoodsHeart" */;
			buildPhases = (
				731DC6EC3C0D708CC96F21B7 /* [CP] Check Pods Manifest.lock */,
				82B316202483E0590049326F /* Sources */,
				82B316212483E0590049326F /* Frameworks */,
				82B316222483E0590049326F /* Resources */,
				E2122129CEA65C37502B96CF /* [CP] Embed Pods Frameworks */,
			);
			buildRules = (
			);
			dependencies = (
			);
			name = GoodsHeart;
			productName = GoodsHeart;
			productReference = 82B316242483E0590049326F /* GoodsHeart.app */;
			productType = "com.apple.product-type.application";
		};
/* End PBXNativeTarget section */

/* Begin PBXProject section */
		82B3161C2483E0590049326F /* Project object */ = {
			isa = PBXProject;
			attributes = {
				LastSwiftUpdateCheck = 1130;
				LastUpgradeCheck = 1130;
				ORGANIZATIONNAME = "Suhong Jeong";
				TargetAttributes = {
					82B316232483E0590049326F = {
						CreatedOnToolsVersion = 11.3.1;
					};
				};
			};
			buildConfigurationList = 82B3161F2483E0590049326F /* Build configuration list for PBXProject "GoodsHeart" */;
			compatibilityVersion = "Xcode 9.3";
			developmentRegion = en;
			hasScannedForEncodings = 0;
			knownRegions = (
				en,
				Base,
			);
			mainGroup = 82B3161B2483E0590049326F;
			productRefGroup = 82B316252483E0590049326F /* Products */;
			projectDirPath = "";
			projectRoot = "";
			targets = (
				82B316232483E0590049326F /* GoodsHeart */,
			);
		};
/* End PBXProject section */

/* Begin PBXResourcesBuildPhase section */
		82B316222483E0590049326F /* Resources */ = {
			isa = PBXResourcesBuildPhase;
			buildActionMask = 2147483647;
			files = (
				8297554B24921439000F3391 /* Main.storyboard in Resources */,
				82B316342483E05A0049326F /* LaunchScreen.storyboard in Resources */,
				82B316312483E05A0049326F /* Assets.xcassets in Resources */,
			);
			runOnlyForDeploymentPostprocessing = 0;
		};
/* End PBXResourcesBuildPhase section */

/* Begin PBXShellScriptBuildPhase section */
		731DC6EC3C0D708CC96F21B7 /* [CP] Check Pods Manifest.lock */ = {
			isa = PBXShellScriptBuildPhase;
			buildActionMask = 2147483647;
			files = (
			);
			inputFileListPaths = (
			);
			inputPaths = (
				"${PODS_PODFILE_DIR_PATH}/Podfile.lock",
				"${PODS_ROOT}/Manifest.lock",
			);
			name = "[CP] Check Pods Manifest.lock";
			outputFileListPaths = (
			);
			outputPaths = (
				"$(DERIVED_FILE_DIR)/Pods-GoodsHeart-checkManifestLockResult.txt",
			);
			runOnlyForDeploymentPostprocessing = 0;
			shellPath = /bin/sh;
			shellScript = "diff \"${PODS_PODFILE_DIR_PATH}/Podfile.lock\" \"${PODS_ROOT}/Manifest.lock\" > /dev/null\nif [ $? != 0 ] ; then\n    # print error to STDERR\n    echo \"error: The sandbox is not in sync with the Podfile.lock. Run 'pod install' or update your CocoaPods installation.\" >&2\n    exit 1\nfi\n# This output is used by Xcode 'outputs' to avoid re-running this script phase.\necho \"SUCCESS\" > \"${SCRIPT_OUTPUT_FILE_0}\"\n";
			showEnvVarsInLog = 0;
		};
		E2122129CEA65C37502B96CF /* [CP] Embed Pods Frameworks */ = {
			isa = PBXShellScriptBuildPhase;
			buildActionMask = 2147483647;
			files = (
			);
			inputFileListPaths = (
				"${PODS_ROOT}/Target Support Files/Pods-GoodsHeart/Pods-GoodsHeart-frameworks-${CONFIGURATION}-input-files.xcfilelist",
			);
			name = "[CP] Embed Pods Frameworks";
			outputFileListPaths = (
				"${PODS_ROOT}/Target Support Files/Pods-GoodsHeart/Pods-GoodsHeart-frameworks-${CONFIGURATION}-output-files.xcfilelist",
			);
			runOnlyForDeploymentPostprocessing = 0;
			shellPath = /bin/sh;
			shellScript = "\"${PODS_ROOT}/Target Support Files/Pods-GoodsHeart/Pods-GoodsHeart-frameworks.sh\"\n";
			showEnvVarsInLog = 0;
		};
/* End PBXShellScriptBuildPhase section */

/* Begin PBXSourcesBuildPhase section */
		82B316202483E0590049326F /* Sources */ = {
			isa = PBXSourcesBuildPhase;
			buildActionMask = 2147483647;
			files = (
				82E55084249BA08B00CD2271 /* DetaileOfflineGoodsViewController.swift in Sources */,
				82B2BEF7248F7C8900B32374 /* DetailGoodsViewController.swift in Sources */,
				8279E11E24877CF500047459 /* GoodsTableViewController.swift in Sources */,
				8297555024921725000F3391 /* DownloadGoodsDataManager.swift in Sources */,
				82B3162C2483E0590049326F /* ViewController.swift in Sources */,
				82E55082249B9EE800CD2271 /* MapViewController.swift in Sources */,
				827CF181248A32A1002C15E5 /* MainTabBarViewController.swift in Sources */,
				82B316282483E0590049326F /* AppDelegate.swift in Sources */,
				8279E12024877D0F00047459 /* GoodsTableViewCell.swift in Sources */,
				82B3162A2483E0590049326F /* SceneDelegate.swift in Sources */,
			);
			runOnlyForDeploymentPostprocessing = 0;
		};
/* End PBXSourcesBuildPhase section */

/* Begin PBXVariantGroup section */
		82B3162D2483E0590049326F /* Main.storyboard */ = {
			isa = PBXVariantGroup;
			children = (
				82B3162E2483E0590049326F /* Base */,
			);
			name = Main.storyboard;
			sourceTree = "<group>";
		};
		82B316322483E05A0049326F /* LaunchScreen.storyboard */ = {
			isa = PBXVariantGroup;
			children = (
				82B316332483E05A0049326F /* Base */,
			);
			name = LaunchScreen.storyboard;
			sourceTree = "<group>";
		};
/* End PBXVariantGroup section */

/* Begin XCBuildConfiguration section */
		82B316362483E05A0049326F /* Debug */ = {
			isa = XCBuildConfiguration;
			buildSettings = {
				ALWAYS_SEARCH_USER_PATHS = NO;
				CLANG_ANALYZER_NONNULL = YES;
				CLANG_ANALYZER_NUMBER_OBJECT_CONVERSION = YES_AGGRESSIVE;
				CLANG_CXX_LANGUAGE_STANDARD = "gnu++14";
				CLANG_CXX_LIBRARY = "libc++";
				CLANG_ENABLE_MODULES = YES;
				CLANG_ENABLE_OBJC_ARC = YES;
				CLANG_ENABLE_OBJC_WEAK = YES;
				CLANG_WARN_BLOCK_CAPTURE_AUTORELEASING = YES;
				CLANG_WARN_BOOL_CONVERSION = YES;
				CLANG_WARN_COMMA = YES;
				CLANG_WARN_CONSTANT_CONVERSION = YES;
				CLANG_WARN_DEPRECATED_OBJC_IMPLEMENTATIONS = YES;
				CLANG_WARN_DIRECT_OBJC_ISA_USAGE = YES_ERROR;
				CLANG_WARN_DOCUMENTATION_COMMENTS = YES;
				CLANG_WARN_EMPTY_BODY = YES;
				CLANG_WARN_ENUM_CONVERSION = YES;
				CLANG_WARN_INFINITE_RECURSION = YES;
				CLANG_WARN_INT_CONVERSION = YES;
				CLANG_WARN_NON_LITERAL_NULL_CONVERSION = YES;
				CLANG_WARN_OBJC_IMPLICIT_RETAIN_SELF = YES;
				CLANG_WARN_OBJC_LITERAL_CONVERSION = YES;
				CLANG_WARN_OBJC_ROOT_CLASS = YES_ERROR;
				CLANG_WARN_RANGE_LOOP_ANALYSIS = YES;
				CLANG_WARN_STRICT_PROTOTYPES = YES;
				CLANG_WARN_SUSPICIOUS_MOVE = YES;
				CLANG_WARN_UNGUARDED_AVAILABILITY = YES_AGGRESSIVE;
				CLANG_WARN_UNREACHABLE_CODE = YES;
				CLANG_WARN__DUPLICATE_METHOD_MATCH = YES;
				COPY_PHASE_STRIP = NO;
				DEBUG_INFORMATION_FORMAT = dwarf;
				ENABLE_STRICT_OBJC_MSGSEND = YES;
				ENABLE_TESTABILITY = YES;
				GCC_C_LANGUAGE_STANDARD = gnu11;
				GCC_DYNAMIC_NO_PIC = NO;
				GCC_NO_COMMON_BLOCKS = YES;
				GCC_OPTIMIZATION_LEVEL = 0;
				GCC_PREPROCESSOR_DEFINITIONS = (
					"DEBUG=1",
					"$(inherited)",
				);
				GCC_WARN_64_TO_32_BIT_CONVERSION = YES;
				GCC_WARN_ABOUT_RETURN_TYPE = YES_ERROR;
				GCC_WARN_UNDECLARED_SELECTOR = YES;
				GCC_WARN_UNINITIALIZED_AUTOS = YES_AGGRESSIVE;
				GCC_WARN_UNUSED_FUNCTION = YES;
				GCC_WARN_UNUSED_VARIABLE = YES;
				IPHONEOS_DEPLOYMENT_TARGET = 13.2;
				MTL_ENABLE_DEBUG_INFO = INCLUDE_SOURCE;
				MTL_FAST_MATH = YES;
				ONLY_ACTIVE_ARCH = YES;
				SDKROOT = iphoneos;
				SWIFT_ACTIVE_COMPILATION_CONDITIONS = DEBUG;
				SWIFT_OPTIMIZATION_LEVEL = "-Onone";
			};
			name = Debug;
		};
		82B316372483E05A0049326F /* Release */ = {
			isa = XCBuildConfiguration;
			buildSettings = {
				ALWAYS_SEARCH_USER_PATHS = NO;
				CLANG_ANALYZER_NONNULL = YES;
				CLANG_ANALYZER_NUMBER_OBJECT_CONVERSION = YES_AGGRESSIVE;
				CLANG_CXX_LANGUAGE_STANDARD = "gnu++14";
				CLANG_CXX_LIBRARY = "libc++";
				CLANG_ENABLE_MODULES = YES;
				CLANG_ENABLE_OBJC_ARC = YES;
				CLANG_ENABLE_OBJC_WEAK = YES;
				CLANG_WARN_BLOCK_CAPTURE_AUTORELEASING = YES;
				CLANG_WARN_BOOL_CONVERSION = YES;
				CLANG_WARN_COMMA = YES;
				CLANG_WARN_CONSTANT_CONVERSION = YES;
				CLANG_WARN_DEPRECATED_OBJC_IMPLEMENTATIONS = YES;
				CLANG_WARN_DIRECT_OBJC_ISA_USAGE = YES_ERROR;
				CLANG_WARN_DOCUMENTATION_COMMENTS = YES;
				CLANG_WARN_EMPTY_BODY = YES;
				CLANG_WARN_ENUM_CONVERSION = YES;
				CLANG_WARN_INFINITE_RECURSION = YES;
				CLANG_WARN_INT_CONVERSION = YES;
				CLANG_WARN_NON_LITERAL_NULL_CONVERSION = YES;
				CLANG_WARN_OBJC_IMPLICIT_RETAIN_SELF = YES;
				CLANG_WARN_OBJC_LITERAL_CONVERSION = YES;
				CLANG_WARN_OBJC_ROOT_CLASS = YES_ERROR;
				CLANG_WARN_RANGE_LOOP_ANALYSIS = YES;
				CLANG_WARN_STRICT_PROTOTYPES = YES;
				CLANG_WARN_SUSPICIOUS_MOVE = YES;
				CLANG_WARN_UNGUARDED_AVAILABILITY = YES_AGGRESSIVE;
				CLANG_WARN_UNREACHABLE_CODE = YES;
				CLANG_WARN__DUPLICATE_METHOD_MATCH = YES;
				COPY_PHASE_STRIP = NO;
				DEBUG_INFORMATION_FORMAT = "dwarf-with-dsym";
				ENABLE_NS_ASSERTIONS = NO;
				ENABLE_STRICT_OBJC_MSGSEND = YES;
				GCC_C_LANGUAGE_STANDARD = gnu11;
				GCC_NO_COMMON_BLOCKS = YES;
				GCC_WARN_64_TO_32_BIT_CONVERSION = YES;
				GCC_WARN_ABOUT_RETURN_TYPE = YES_ERROR;
				GCC_WARN_UNDECLARED_SELECTOR = YES;
				GCC_WARN_UNINITIALIZED_AUTOS = YES_AGGRESSIVE;
				GCC_WARN_UNUSED_FUNCTION = YES;
				GCC_WARN_UNUSED_VARIABLE = YES;
				IPHONEOS_DEPLOYMENT_TARGET = 13.2;
				MTL_ENABLE_DEBUG_INFO = NO;
				MTL_FAST_MATH = YES;
				SDKROOT = iphoneos;
				SWIFT_COMPILATION_MODE = wholemodule;
				SWIFT_OPTIMIZATION_LEVEL = "-O";
				VALIDATE_PRODUCT = YES;
			};
			name = Release;
		};
		82B316392483E05A0049326F /* Debug */ = {
			isa = XCBuildConfiguration;
			baseConfigurationReference = 6817B28A38C189AA65B91EC3 /* Pods-GoodsHeart.debug.xcconfig */;
			buildSettings = {
				ASSETCATALOG_COMPILER_APPICON_NAME = AppIcon;
				CODE_SIGN_STYLE = Automatic;
				DEVELOPMENT_TEAM = XJHDNUWBP6;
				INFOPLIST_FILE = GoodsHeart/Info.plist;
				LD_RUNPATH_SEARCH_PATHS = (
					"$(inherited)",
					"@executable_path/Frameworks",
				);
				PRODUCT_BUNDLE_IDENTIFIER = com.GoodsHeart;
				PRODUCT_NAME = "$(TARGET_NAME)";
				SWIFT_VERSION = 5.0;
				TARGETED_DEVICE_FAMILY = "1,2";
			};
			name = Debug;
		};
		82B3163A2483E05A0049326F /* Release */ = {
			isa = XCBuildConfiguration;
			baseConfigurationReference = FA137041AB59B3CCBF3405FC /* Pods-GoodsHeart.release.xcconfig */;
			buildSettings = {
				ASSETCATALOG_COMPILER_APPICON_NAME = AppIcon;
				CODE_SIGN_STYLE = Automatic;
				DEVELOPMENT_TEAM = XJHDNUWBP6;
				INFOPLIST_FILE = GoodsHeart/Info.plist;
				LD_RUNPATH_SEARCH_PATHS = (
					"$(inherited)",
					"@executable_path/Frameworks",
				);
				PRODUCT_BUNDLE_IDENTIFIER = com.GoodsHeart;
				PRODUCT_NAME = "$(TARGET_NAME)";
				SWIFT_VERSION = 5.0;
				TARGETED_DEVICE_FAMILY = "1,2";
			};
			name = Release;
		};
/* End XCBuildConfiguration section */

/* Begin XCConfigurationList section */
		82B3161F2483E0590049326F /* Build configuration list for PBXProject "GoodsHeart" */ = {
			isa = XCConfigurationList;
			buildConfigurations = (
				82B316362483E05A0049326F /* Debug */,
				82B316372483E05A0049326F /* Release */,
			);
			defaultConfigurationIsVisible = 0;
			defaultConfigurationName = Release;
		};
		82B316382483E05A0049326F /* Build configuration list for PBXNativeTarget "GoodsHeart" */ = {
			isa = XCConfigurationList;
			buildConfigurations = (
				82B316392483E05A0049326F /* Debug */,
				82B3163A2483E05A0049326F /* Release */,
			);
			defaultConfigurationIsVisible = 0;
			defaultConfigurationName = Release;
		};
/* End XCConfigurationList section */
	};
	rootObject = 82B3161C2483E0590049326F /* Project object */;
}
